
Microsoft Visual Studio Solution File, Format Version 12.00
# Visual Studio Version 17
VisualStudioVersion = 17.0.31912.275
MinimumVisualStudioVersion = 10.0.40219.1
Project("{FAE04EC0-301F-11D3-BF4B-00C04F79EFBC}") = "Project-1", "Project-1\Project-1.csproj", "{CE3A68B4-BAE6-45C7-9A73-2AADECF19435}"
EndProject
Project("{FAE04EC0-301F-11D3-BF4B-00C04F79EFBC}") = "Project-2", "Project-2\Project-2.csproj", "{602D9DA0-4687-45C7-ADE8-09674A6CD223}"
EndProject
Project("{FAE04EC0-301F-11D3-BF4B-00C04F79EFBC}") = "Project-3", "Project-3\Project-3.csproj", "{C62EDED4-6CE4-44DF-9F12-975B5E4FBA7E}"
EndProject
Global
	GlobalSection(SolutionConfigurationPlatforms) = preSolution
		Debug|Any CPU = Debug|Any CPU
		Release|Any CPU = Release|Any CPU
	EndGlobalSection
	GlobalSection(ProjectConfigurationPlatforms) = postSolution
		{CE3A68B4-BAE6-45C7-9A73-2AADECF19435}.Debug|Any CPU.ActiveCfg = Debug|Any CPU
		{CE3A68B4-BAE6-45C7-9A73-2AADECF19435}.Debug|Any CPU.Build.0 = Debug|Any CPU
		{CE3A68B4-BAE6-45C7-9A73-2AADECF19435}.Release|Any CPU.ActiveCfg = Release|Any CPU
		{CE3A68B4-BAE6-45C7-9A73-2AADECF19435}.Release|Any CPU.Build.0 = Release|Any CPU
		{602D9DA0-4687-45C7-ADE8-09674A6CD223}.Debug|Any CPU.ActiveCfg = Debug|Any CPU
		{602D9DA0-4687-45C7-ADE8-09674A6CD223}.Debug|Any CPU.Build.0 = Debug|Any CPU
		{602D9DA0-4687-45C7-ADE8-09674A6CD223}.Release|Any CPU.ActiveCfg = Release|Any CPU
		{602D9DA0-4687-45C7-ADE8-09674A6CD223}.Release|Any CPU.Build.0 = Release|Any CPU
		{C62EDED4-6CE4-44DF-9F12-975B5E4FBA7E}.Debug|Any CPU.ActiveCfg = Debug|Any CPU
		{C62EDED4-6CE4-44DF-9F12-975B5E4FBA7E}.Debug|Any CPU.Build.0 = Debug|Any CPU
		{C62EDED4-6CE4-44DF-9F12-975B5E4FBA7E}.Release|Any CPU.ActiveCfg = Release|Any CPU
		{C62EDED4-6CE4-44DF-9F12-975B5E4FBA7E}.Release|Any CPU.Build.0 = Release|Any CPU
	EndGlobalSection
	GlobalSection(SolutionProperties) = preSolution
		HideSolutionNode = FALSE
	EndGlobalSection
	GlobalSection(ExtensibilityGlobals) = postSolution
		SolutionGuid = {0B110266-893A-4331-909C-392CF367BAFE}
	EndGlobalSection
EndGlobal
